// !$*UTF8*$!
{
	archiveVersion = 1;
	classes = {
	};
	objectVersion = 50;
	objects = {

/* Begin PBXBuildFile section */
		8DD5EC1F241BFC70001CC436 /* AppDelegate.swift in Sources */ = {isa = PBXBuildFile; fileRef = 8DD5EC1E241BFC70001CC436 /* AppDelegate.swift */; };
		8DD5EC21241BFC70001CC436 /* FeedViewController.swift in Sources */ = {isa = PBXBuildFile; fileRef = 8DD5EC20241BFC70001CC436 /* FeedViewController.swift */; };
		8DD5EC24241BFC70001CC436 /* Main.storyboard in Resources */ = {isa = PBXBuildFile; fileRef = 8DD5EC22241BFC70001CC436 /* Main.storyboard */; };
		8DD5EC26241BFC74001CC436 /* Assets.xcassets in Resources */ = {isa = PBXBuildFile; fileRef = 8DD5EC25241BFC74001CC436 /* Assets.xcassets */; };
		8DD5EC29241BFC74001CC436 /* LaunchScreen.storyboard in Resources */ = {isa = PBXBuildFile; fileRef = 8DD5EC27241BFC74001CC436 /* LaunchScreen.storyboard */; };
		8DD5EC31241BFFA4001CC436 /* RemoteWithLocalFallbackFeedLoader.swift in Sources */ = {isa = PBXBuildFile; fileRef = 8DD5EC30241BFFA4001CC436 /* RemoteWithLocalFallbackFeedLoader.swift */; };
		8DD5EC33241C00CE001CC436 /* RemoteFeedLoader.swift in Sources */ = {isa = PBXBuildFile; fileRef = 8DD5EC32241C00CE001CC436 /* RemoteFeedLoader.swift */; };
		8DD5EC35241C00DE001CC436 /* LocalFeedLoader.swift in Sources */ = {isa = PBXBuildFile; fileRef = 8DD5EC34241C00DE001CC436 /* LocalFeedLoader.swift */; };
/* End PBXBuildFile section */

/* Begin PBXFileReference section */
		8DD5EC1B241BFC70001CC436 /* planning-class-02.app */ = {isa = PBXFileReference; explicitFileType = wrapper.application; includeInIndex = 0; path = "planning-class-02.app"; sourceTree = BUILT_PRODUCTS_DIR; };
		8DD5EC1E241BFC70001CC436 /* AppDelegate.swift */ = {isa = PBXFileReference; lastKnownFileType = sourcecode.swift; path = AppDelegate.swift; sourceTree = "<group>"; };
		8DD5EC20241BFC70001CC436 /* FeedViewController.swift */ = {isa = PBXFileReference; lastKnownFileType = sourcecode.swift; path = FeedViewController.swift; sourceTree = "<group>"; };
		8DD5EC23241BFC70001CC436 /* Base */ = {isa = PBXFileReference; lastKnownFileType = file.storyboard; name = Base; path = Base.lproj/Main.storyboard; sourceTree = "<group>"; };
		8DD5EC25241BFC74001CC436 /* Assets.xcassets */ = {isa = PBXFileReference; lastKnownFileType = folder.assetcatalog; path = Assets.xcassets; sourceTree = "<group>"; };
		8DD5EC28241BFC74001CC436 /* Base */ = {isa = PBXFileReference; lastKnownFileType = file.storyboard; name = Base; path = Base.lproj/LaunchScreen.storyboard; sourceTree = "<group>"; };
		8DD5EC2A241BFC74001CC436 /* Info.plist */ = {isa = PBXFileReference; lastKnownFileType = text.plist.xml; path = Info.plist; sourceTree = "<group>"; };
		8DD5EC30241BFFA4001CC436 /* RemoteWithLocalFallbackFeedLoader.swift */ = {isa = PBXFileReference; lastKnownFileType = sourcecode.swift; path = RemoteWithLocalFallbackFeedLoader.swift; sourceTree = "<group>"; };
		8DD5EC32241C00CE001CC436 /* RemoteFeedLoader.swift */ = {isa = PBXFileReference; lastKnownFileType = sourcecode.swift; path = RemoteFeedLoader.swift; sourceTree = "<group>"; };
		8DD5EC34241C00DE001CC436 /* LocalFeedLoader.swift */ = {isa = PBXFileReference; lastKnownFileType = sourcecode.swift; path = LocalFeedLoader.swift; sourceTree = "<group>"; };
/* End PBXFileReference section */

/* Begin PBXFrameworksBuildPhase section */
		8DD5EC18241BFC70001CC436 /* Frameworks */ = {
			isa = PBXFrameworksBuildPhase;
			buildActionMask = 2147483647;
			files = (
			);
			runOnlyForDeploymentPostprocessing = 0;
		};
/* End PBXFrameworksBuildPhase section */

/* Begin PBXGroup section */
		8DD5EC12241BFC70001CC436 = {
			isa = PBXGroup;
			children = (
				8DD5EC1D241BFC70001CC436 /* planning-class-02 */,
				8DD5EC1C241BFC70001CC436 /* Products */,
			);
			sourceTree = "<group>";
		};
		8DD5EC1C241BFC70001CC436 /* Products */ = {
			isa = PBXGroup;
			children = (
				8DD5EC1B241BFC70001CC436 /* planning-class-02.app */,
			);
			name = Products;
			sourceTree = "<group>";
		};
		8DD5EC1D241BFC70001CC436 /* planning-class-02 */ = {
			isa = PBXGroup;
			children = (
				8DD5EC1E241BFC70001CC436 /* AppDelegate.swift */,
				8DD5EC32241C00CE001CC436 /* RemoteFeedLoader.swift */,
				8DD5EC34241C00DE001CC436 /* LocalFeedLoader.swift */,
				8DD5EC20241BFC70001CC436 /* FeedViewController.swift */,
				8DD5EC30241BFFA4001CC436 /* RemoteWithLocalFallbackFeedLoader.swift */,
				8DD5EC22241BFC70001CC436 /* Main.storyboard */,
				8DD5EC25241BFC74001CC436 /* Assets.xcassets */,
				8DD5EC27241BFC74001CC436 /* LaunchScreen.storyboard */,
				8DD5EC2A241BFC74001CC436 /* Info.plist */,
			);
			path = "planning-class-02";
			sourceTree = "<group>";
		};
/* End PBXGroup section */

/* Begin PBXNativeTarget section */
		8DD5EC1A241BFC70001CC436 /* planning-class-02 */ = {
			isa = PBXNativeTarget;
			buildConfigurationList = 8DD5EC2D241BFC74001CC436 /* Build configuration list for PBXNativeTarget "planning-class-02" */;
			buildPhases = (
				8DD5EC17241BFC70001CC436 /* Sources */,
				8DD5EC18241BFC70001CC436 /* Frameworks */,
				8DD5EC19241BFC70001CC436 /* Resources */,
			);
			buildRules = (
			);
			dependencies = (
			);
			name = "planning-class-02";
			productName = "planning-class-02";
			productReference = 8DD5EC1B241BFC70001CC436 /* planning-class-02.app */;
			productType = "com.apple.product-type.application";
		};
/* End PBXNativeTarget section */

/* Begin PBXProject section */
		8DD5EC13241BFC70001CC436 /* Project object */ = {
			isa = PBXProject;
			attributes = {
				LastSwiftUpdateCheck = 1000;
				LastUpgradeCheck = 1000;
				ORGANIZATIONNAME = EssentialDeveloper;
				TargetAttributes = {
					8DD5EC1A241BFC70001CC436 = {
						CreatedOnToolsVersion = 10.0;
					};
				};
			};
			buildConfigurationList = 8DD5EC16241BFC70001CC436 /* Build configuration list for PBXProject "planning-class-02" */;
			compatibilityVersion = "Xcode 9.3";
			developmentRegion = en;
			hasScannedForEncodings = 0;
			knownRegions = (
				en,
				Base,
			);
			mainGroup = 8DD5EC12241BFC70001CC436;
			productRefGroup = 8DD5EC1C241BFC70001CC436 /* Products */;
			projectDirPath = "";
			projectRoot = "";
			targets = (
				8DD5EC1A241BFC70001CC436 /* planning-class-02 */,
			);
		};
/* End PBXProject section */

/* Begin PBXResourcesBuildPhase section */
		8DD5EC19241BFC70001CC436 /* Resources */ = {
			isa = PBXResourcesBuildPhase;
			buildActionMask = 2147483647;
			files = (
				8DD5EC29241BFC74001CC436 /* LaunchScreen.storyboard in Resources */,
				8DD5EC26241BFC74001CC436 /* Assets.xcassets in Resources */,
				8DD5EC24241BFC70001CC436 /* Main.storyboard in Resources */,
			);
			runOnlyForDeploymentPostprocessing = 0;
		};
/* End PBXResourcesBuildPhase section */

/* Begin PBXSourcesBuildPhase section */
		8DD5EC17241BFC70001CC436 /* Sources */ = {
			isa = PBXSourcesBuildPhase;
			buildActionMask = 2147483647;
			files = (
				8DD5EC33241C00CE001CC436 /* RemoteFeedLoader.swift in Sources */,
				8DD5EC31241BFFA4001CC436 /* RemoteWithLocalFallbackFeedLoader.swift in Sources */,
				8DD5EC21241BFC70001CC436 /* FeedViewController.swift in Sources */,
				8DD5EC1F241BFC70001CC436 /* AppDelegate.swift in Sources */,
				8DD5EC35241C00DE001CC436 /* LocalFeedLoader.swift in Sources */,
			);
			runOnlyForDeploymentPostprocessing = 0;
		};
/* End PBXSourcesBuildPhase section */

/* Begin PBXVariantGroup section */
		8DD5EC22241BFC70001CC436 /* Main.storyboard */ = {
			isa = PBXVariantGroup;
			children = (
				8DD5EC23241BFC70001CC436 /* Base */,
			);
			name = Main.storyboard;
			sourceTree = "<group>";
		};
		8DD5EC27241BFC74001CC436 /* LaunchScreen.storyboard */ = {
			isa = PBXVariantGroup;
			children = (
				8DD5EC28241BFC74001CC436 /* Base */,
			);
			name = LaunchScreen.storyboard;
			sourceTree = "<group>";
		};
/* End PBXVariantGroup section */

/* Begin XCBuildConfiguration section */
		8DD5EC2B241BFC74001CC436 /* Debug */ = {
			isa = XCBuildConfiguration;
			buildSettings = {
				ALWAYS_SEARCH_USER_PATHS = NO;
				CLANG_ANALYZER_NONNULL = YES;
				CLANG_ANALYZER_NUMBER_OBJECT_CONVERSION = YES_AGGRESSIVE;
				CLANG_CXX_LANGUAGE_STANDARD = "gnu++14";
				CLANG_CXX_LIBRARY = "libc++";
				CLANG_ENABLE_MODULES = YES;
				CLANG_ENABLE_OBJC_ARC = YES;
				CLANG_ENABLE_OBJC_WEAK = YES;
				CLANG_WARN_BLOCK_CAPTURE_AUTORELEASING = YES;
				CLANG_WARN_BOOL_CONVERSION = YES;
				CLANG_WARN_COMMA = YES;
				CLANG_WARN_CONSTANT_CONVERSION = YES;
				CLANG_WARN_DEPRECATED_OBJC_IMPLEMENTATIONS = YES;
				CLANG_WARN_DIRECT_OBJC_ISA_USAGE = YES_ERROR;
				CLANG_WARN_DOCUMENTATION_COMMENTS = YES;
				CLANG_WARN_EMPTY_BODY = YES;
				CLANG_WARN_ENUM_CONVERSION = YES;
				CLANG_WARN_INFINITE_RECURSION = YES;
				CLANG_WARN_INT_CONVERSION = YES;
				CLANG_WARN_NON_LITERAL_NULL_CONVERSION = YES;
				CLANG_WARN_OBJC_IMPLICIT_RETAIN_SELF = YES;
				CLANG_WARN_OBJC_LITERAL_CONVERSION = YES;
				CLANG_WARN_OBJC_ROOT_CLASS = YES_ERROR;
				CLANG_WARN_RANGE_LOOP_ANALYSIS = YES;
				CLANG_WARN_STRICT_PROTOTYPES = YES;
				CLANG_WARN_SUSPICIOUS_MOVE = YES;
				CLANG_WARN_UNGUARDED_AVAILABILITY = YES_AGGRESSIVE;
				CLANG_WARN_UNREACHABLE_CODE = YES;
				CLANG_WARN__DUPLICATE_METHOD_MATCH = YES;
				CODE_SIGN_IDENTITY = "iPhone Developer";
				COPY_PHASE_STRIP = NO;
				DEBUG_INFORMATION_FORMAT = dwarf;
				ENABLE_STRICT_OBJC_MSGSEND = YES;
				ENABLE_TESTABILITY = YES;
				GCC_C_LANGUAGE_STANDARD = gnu11;
				GCC_DYNAMIC_NO_PIC = NO;
				GCC_NO_COMMON_BLOCKS = YES;
				GCC_OPTIMIZATION_LEVEL = 0;
				GCC_PREPROCESSOR_DEFINITIONS = (
					"DEBUG=1",
					"$(inherited)",
				);
				GCC_WARN_64_TO_32_BIT_CONVERSION = YES;
				GCC_WARN_ABOUT_RETURN_TYPE = YES_ERROR;
				GCC_WARN_UNDECLARED_SELECTOR = YES;
				GCC_WARN_UNINITIALIZED_AUTOS = YES_AGGRESSIVE;
				GCC_WARN_UNUSED_FUNCTION = YES;
				GCC_WARN_UNUSED_VARIABLE = YES;
				IPHONEOS_DEPLOYMENT_TARGET = 12.0;
				MTL_ENABLE_DEBUG_INFO = INCLUDE_SOURCE;
				MTL_FAST_MATH = YES;
				ONLY_ACTIVE_ARCH = YES;
				SDKROOT = iphoneos;
				SWIFT_ACTIVE_COMPILATION_CONDITIONS = DEBUG;
				SWIFT_OPTIMIZATION_LEVEL = "-Onone";
			};
			name = Debug;
		};
		8DD5EC2C241BFC74001CC436 /* Release */ = {
			isa = XCBuildConfiguration;
			buildSettings = {
				ALWAYS_SEARCH_USER_PATHS = NO;
				CLANG_ANALYZER_NONNULL = YES;
				CLANG_ANALYZER_NUMBER_OBJECT_CONVERSION = YES_AGGRESSIVE;
				CLANG_CXX_LANGUAGE_STANDARD = "gnu++14";
				CLANG_CXX_LIBRARY = "libc++";
				CLANG_ENABLE_MODULES = YES;
				CLANG_ENABLE_OBJC_ARC = YES;
				CLANG_ENABLE_OBJC_WEAK = YES;
				CLANG_WARN_BLOCK_CAPTURE_AUTORELEASING = YES;
				CLANG_WARN_BOOL_CONVERSION = YES;
				CLANG_WARN_COMMA = YES;
				CLANG_WARN_CONSTANT_CONVERSION = YES;
				CLANG_WARN_DEPRECATED_OBJC_IMPLEMENTATIONS = YES;
				CLANG_WARN_DIRECT_OBJC_ISA_USAGE = YES_ERROR;
				CLANG_WARN_DOCUMENTATION_COMMENTS = YES;
				CLANG_WARN_EMPTY_BODY = YES;
				CLANG_WARN_ENUM_CONVERSION = YES;
				CLANG_WARN_INFINITE_RECURSION = YES;
				CLANG_WARN_INT_CONVERSION = YES;
				CLANG_WARN_NON_LITERAL_NULL_CONVERSION = YES;
				CLANG_WARN_OBJC_IMPLICIT_RETAIN_SELF = YES;
				CLANG_WARN_OBJC_LITERAL_CONVERSION = YES;
				CLANG_WARN_OBJC_ROOT_CLASS = YES_ERROR;
				CLANG_WARN_RANGE_LOOP_ANALYSIS = YES;
				CLANG_WARN_STRICT_PROTOTYPES = YES;
				CLANG_WARN_SUSPICIOUS_MOVE = YES;
				CLANG_WARN_UNGUARDED_AVAILABILITY = YES_AGGRESSIVE;
				CLANG_WARN_UNREACHABLE_CODE = YES;
				CLANG_WARN__DUPLICATE_METHOD_MATCH = YES;
				CODE_SIGN_IDENTITY = "iPhone Developer";
				COPY_PHASE_STRIP = NO;
				DEBUG_INFORMATION_FORMAT = "dwarf-with-dsym";
				ENABLE_NS_ASSERTIONS = NO;
				ENABLE_STRICT_OBJC_MSGSEND = YES;
				GCC_C_LANGUAGE_STANDARD = gnu11;
				GCC_NO_COMMON_BLOCKS = YES;
				GCC_WARN_64_TO_32_BIT_CONVERSION = YES;
				GCC_WARN_ABOUT_RETURN_TYPE = YES_ERROR;
				GCC_WARN_UNDECLARED_SELECTOR = YES;
				GCC_WARN_UNINITIALIZED_AUTOS = YES_AGGRESSIVE;
				GCC_WARN_UNUSED_FUNCTION = YES;
				GCC_WARN_UNUSED_VARIABLE = YES;
				IPHONEOS_DEPLOYMENT_TARGET = 12.0;
				MTL_ENABLE_DEBUG_INFO = NO;
				MTL_FAST_MATH = YES;
				SDKROOT = iphoneos;
				SWIFT_COMPILATION_MODE = wholemodule;
				SWIFT_OPTIMIZATION_LEVEL = "-O";
				VALIDATE_PRODUCT = YES;
			};
			name = Release;
		};
		8DD5EC2E241BFC74001CC436 /* Debug */ = {
			isa = XCBuildConfiguration;
			buildSettings = {
				ASSETCATALOG_COMPILER_APPICON_NAME = AppIcon;
				CODE_SIGN_STYLE = Automatic;
				DEVELOPMENT_TEAM = 9BW3JGZF6Z;
				INFOPLIST_FILE = "planning-class-02/Info.plist";
				LD_RUNPATH_SEARCH_PATHS = (
					"$(inherited)",
					"@executable_path/Frameworks",
				);
				PRODUCT_BUNDLE_IDENTIFIER = "com.essentialdeveloper.planning-class-02";
				PRODUCT_NAME = "$(TARGET_NAME)";
				SWIFT_VERSION = 4.2;
				TARGETED_DEVICE_FAMILY = "1,2";
			};
			name = Debug;
		};
		8DD5EC2F241BFC74001CC436 /* Release */ = {
			isa = XCBuildConfiguration;
			buildSettings = {
				ASSETCATALOG_COMPILER_APPICON_NAME = AppIcon;
				CODE_SIGN_STYLE = Automatic;
				DEVELOPMENT_TEAM = 9BW3JGZF6Z;
				INFOPLIST_FILE = "planning-class-02/Info.plist";
				LD_RUNPATH_SEARCH_PATHS = (
					"$(inherited)",
					"@executable_path/Frameworks",
				);
				PRODUCT_BUNDLE_IDENTIFIER = "com.essentialdeveloper.planning-class-02";
				PRODUCT_NAME = "$(TARGET_NAME)";
				SWIFT_VERSION = 4.2;
				TARGETED_DEVICE_FAMILY = "1,2";
			};
			name = Release;
		};
/* End XCBuildConfiguration section */

/* Begin XCConfigurationList section */
		8DD5EC16241BFC70001CC436 /* Build configuration list for PBXProject "planning-class-02" */ = {
			isa = XCConfigurationList;
			buildConfigurations = (
				8DD5EC2B241BFC74001CC436 /* Debug */,
				8DD5EC2C241BFC74001CC436 /* Release */,
			);
			defaultConfigurationIsVisible = 0;
			defaultConfigurationName = Release;
		};
		8DD5EC2D241BFC74001CC436 /* Build configuration list for PBXNativeTarget "planning-class-02" */ = {
			isa = XCConfigurationList;
			buildConfigurations = (
				8DD5EC2E241BFC74001CC436 /* Debug */,
				8DD5EC2F241BFC74001CC436 /* Release */,
			);
			defaultConfigurationIsVisible = 0;
			defaultConfigurationName = Release;
		};
/* End XCConfigurationList section */
	};
	rootObject = 8DD5EC13241BFC70001CC436 /* Project object */;
}
